
Microsoft Visual Studio Solution File, Format Version 12.00
# Visual Studio Version 16
VisualStudioVersion = 16.0.31911.196
MinimumVisualStudioVersion = 10.0.40219.1
Project("{8BC9CEB8-8B4A-11D0-8D11-00A0C91BC942}") = "Unit 11 Lab - Cannibals", "Unit 11 Lab - Cannibals\Unit 11 Lab - Cannibals.vcxproj", "{05E8663D-D153-4C23-859A-B1B0C4B85D6C}"
EndProject
Global
	GlobalSection(SolutionConfigurationPlatforms) = preSolution
		Debug|x64 = Debug|x64
		Debug|x86 = Debug|x86
		Release|x64 = Release|x64
		Release|x86 = Release|x86
	EndGlobalSection
	GlobalSection(ProjectConfigurationPlatforms) = postSolution
		{05E8663D-D153-4C23-859A-B1B0C4B85D6C}.Debug|x64.ActiveCfg = Debug|x64
		{05E8663D-D153-4C23-859A-B1B0C4B85D6C}.Debug|x64.Build.0 = Debug|x64
		{05E8663D-D153-4C23-859A-B1B0C4B85D6C}.Debug|x86.ActiveCfg = Debug|Win32
		{05E8663D-D153-4C23-859A-B1B0C4B85D6C}.Debug|x86.Build.0 = Debug|Win32
		{05E8663D-D153-4C23-859A-B1B0C4B85D6C}.Release|x64.ActiveCfg = Release|x64
		{05E8663D-D153-4C23-859A-B1B0C4B85D6C}.Release|x64.Build.0 = Release|x64
		{05E8663D-D153-4C23-859A-B1B0C4B85D6C}.Release|x86.ActiveCfg = Release|Win32
		{05E8663D-D153-4C23-859A-B1B0C4B85D6C}.Release|x86.Build.0 = Release|Win32
	EndGlobalSection
	GlobalSection(SolutionProperties) = preSolution
		HideSolutionNode = FALSE
	EndGlobalSection
	GlobalSection(ExtensibilityGlobals) = postSolution
		SolutionGuid = {0BD0AE2F-4F86-4365-A64F-C8E9452B9368}
	EndGlobalSection
EndGlobal
